{
  "name": "@advanced-rest-client/variables-preview-overlay",
  "version": "3.0.2",
  "lockfileVersion": 1,
  "requires": true,
  "dependencies": {
    "@advanced-rest-client/arc-fit-mixin": {
      "version": "1.2.1",
      "resolved": "https://registry.npmjs.org/@advanced-rest-client/arc-fit-mixin/-/arc-fit-mixin-1.2.1.tgz",
      "integrity": "sha512-r7QWIOKRRY4+Cn7/cILJKMf63V5nlb/Ej6B58DftLXOMJ5hqKPKdJWuXB+DRHAwAEfF+FhCmY5HfibSmCskj+Q==",
      "requires": {
        "@open-wc/dedupe-mixin": "^1.3.0"
      }
    },
    "@advanced-rest-client/arc-overlay-mixin": {
      "version": "1.1.6",
      "resolved": "https://registry.npmjs.org/@advanced-rest-client/arc-overlay-mixin/-/arc-overlay-mixin-1.1.6.tgz",
      "integrity": "sha512-wM/UA+PFItLkS9A9YMGe+Bun4drcMTu0ao0sea2CLiNmGozqA04OggW+2l27K5psi1RhDnl64elkJYMGVLqABQ==",
      "requires": {
        "@advanced-rest-client/arc-fit-mixin": "^1.2.1",
        "@advanced-rest-client/arc-resizable-mixin": "^1.1.2",
        "@open-wc/dedupe-mixin": "^1.3.0",
        "lit-element": "^2.4.0",
        "lit-html": "^1.3.0"
      }
    },
    "@advanced-rest-client/arc-resizable-mixin": {
      "version": "1.1.2",
      "resolved": "https://registry.npmjs.org/@advanced-rest-client/arc-resizable-mixin/-/arc-resizable-mixin-1.1.2.tgz",
      "integrity": "sha512-DoMv8SXqTAiy6u10XoFlSYF0dt/IZx1NUq4SoLWqR2SRi/7xFH9ZHg20BrpBy1mcoewxa1Mf+C8y4sNn/k/9WA==",
      "requires": {
        "@open-wc/dedupe-mixin": "^1.3.0"
      }
    },
    "@advanced-rest-client/variables-consumer-mixin": {
      "version": "3.0.6",
      "resolved": "https://registry.npmjs.org/@advanced-rest-client/variables-consumer-mixin/-/variables-consumer-mixin-3.0.6.tgz",
      "integrity": "sha512-BvaEJot8xBTTN9OQWP+bBl7WIeeImpb/5uE+GIoUYANGNjRDl5H9JAWt0Udv9+Lmb6RPB0wxKCvFx4pn31T6Ww=="
    },
    "@anypoint-web-components/anypoint-button": {
      "version": "1.1.1",
      "resolved": "https://registry.npmjs.org/@anypoint-web-components/anypoint-button/-/anypoint-button-1.1.1.tgz",
      "integrity": "sha512-S+cfMd5GRepD+133ajGwCNGG+nzTQnH88kcXzbG+Nsl2yC7FQRNNO6N0VQFsfuRl7e+FwWAp3W2iM/HxoAO1kg==",
      "requires": {
        "@anypoint-web-components/anypoint-control-mixins": "^1.1.1",
        "@polymer/paper-ripple": "^3.0.2",
        "lit-element": "^2.3.1"
      }
    },
    "@anypoint-web-components/anypoint-control-mixins": {
      "version": "1.1.3",
      "resolved": "https://registry.npmjs.org/@anypoint-web-components/anypoint-control-mixins/-/anypoint-control-mixins-1.1.3.tgz",
      "integrity": "sha512-LRhwEav2ZpDBRKiGo3Upu4B0ur/j8+2JxeqHGwxcXc8ORuiJLVxcorURuKhLyvEjk5fP5pI0S0KGIUj66N1KQg==",
      "requires": {
        "@open-wc/dedupe-mixin": "^1.3.0"
      }
    },
    "@open-wc/dedupe-mixin": {
      "version": "1.3.0",
      "resolved": "https://registry.npmjs.org/@open-wc/dedupe-mixin/-/dedupe-mixin-1.3.0.tgz",
      "integrity": "sha512-UfdK1MPnR6T7f3svzzYBfu3qBkkZ/KsPhcpc3JYhsUY4hbpwNF9wEQtD4Z+/mRqMTJrKg++YSxIxE0FBhY3RIw=="
    },
    "@polymer/iron-a11y-keys-behavior": {
      "version": "3.0.1",
      "resolved": "https://registry.npmjs.org/@polymer/iron-a11y-keys-behavior/-/iron-a11y-keys-behavior-3.0.1.tgz",
      "integrity": "sha512-lnrjKq3ysbBPT/74l0Fj0U9H9C35Tpw2C/tpJ8a+5g8Y3YJs1WSZYnEl1yOkw6sEyaxOq/1DkzH0+60gGu5/PQ==",
      "requires": {
        "@polymer/polymer": "^3.0.0"
      }
    },
    "@polymer/paper-ripple": {
      "version": "3.0.2",
      "resolved": "https://registry.npmjs.org/@polymer/paper-ripple/-/paper-ripple-3.0.2.tgz",
      "integrity": "sha512-DnLNvYIMsiayeICroYxx6Q6Hg1cUU8HN2sbutXazlemAlGqdq80qz3TIaVdbpbt/pvjcFGX2HtntMlPstCge8Q==",
      "requires": {
        "@polymer/iron-a11y-keys-behavior": "^3.0.0-pre.26",
        "@polymer/polymer": "^3.0.0"
      }
    },
    "@polymer/polymer": {
      "version": "3.4.1",
      "resolved": "https://registry.npmjs.org/@polymer/polymer/-/polymer-3.4.1.tgz",
      "integrity": "sha512-KPWnhDZibtqKrUz7enIPOiO4ZQoJNOuLwqrhV2MXzIt3VVnUVJVG5ORz4Z2sgO+UZ+/UZnPD0jqY+jmw/+a9mQ==",
      "requires": {
        "@webcomponents/shadycss": "^1.9.1"
      }
    },
    "@webcomponents/shadycss": {
      "version": "1.10.2",
      "resolved": "https://registry.npmjs.org/@webcomponents/shadycss/-/shadycss-1.10.2.tgz",
      "integrity": "sha512-9Iseu8bRtecb0klvv+WXZOVZatsRkbaH7M97Z+f+Pt909R4lDfgUODAnra23DOZTpeMTAkVpf4m/FZztN7Ox1A=="
    },
    "lit-element": {
      "version": "2.4.0",
      "resolved": "https://registry.npmjs.org/lit-element/-/lit-element-2.4.0.tgz",
      "integrity": "sha512-pBGLglxyhq/Prk2H91nA0KByq/hx/wssJBQFiYqXhGDvEnY31PRGYf1RglVzyLeRysu0IHm2K0P196uLLWmwFg==",
      "requires": {
        "lit-html": "^1.1.1"
      }
    },
    "lit-html": {
      "version": "1.3.0",
      "resolved": "https://registry.npmjs.org/lit-html/-/lit-html-1.3.0.tgz",
      "integrity": "sha512-0Q1bwmaFH9O14vycPHw8C/IeHMk/uSDldVLIefu/kfbTBGIc44KGH6A8p1bDfxUfHdc8q6Ct7kQklWoHgr4t1Q=="
    }
  }
}
